// !$*UTF8*$!
{
	archiveVersion = 1;
	classes = {
	};
	objectVersion = 56;
	objects = {

/* Begin PBXBuildFile section */
		95680AF128EBCFC200FDDBBC /* AppDelegate.swift in Sources */ = {isa = PBXBuildFile; fileRef = 95680AF028EBCFC200FDDBBC /* AppDelegate.swift */; };
		95680AF328EBCFC200FDDBBC /* SceneDelegate.swift in Sources */ = {isa = PBXBuildFile; fileRef = 95680AF228EBCFC200FDDBBC /* SceneDelegate.swift */; };
		95680AFA28EBCFC300FDDBBC /* Assets.xcassets in Resources */ = {isa = PBXBuildFile; fileRef = 95680AF928EBCFC300FDDBBC /* Assets.xcassets */; };
		95680AFD28EBCFC300FDDBBC /* LaunchScreen.storyboard in Resources */ = {isa = PBXBuildFile; fileRef = 95680AFB28EBCFC300FDDBBC /* LaunchScreen.storyboard */; };
		95680B0828EBCFC300FDDBBC /* MiniApp_TestDriven_QittaArticleTests.swift in Sources */ = {isa = PBXBuildFile; fileRef = 95680B0728EBCFC300FDDBBC /* MiniApp_TestDriven_QittaArticleTests.swift */; };
		95680B1228EBCFC300FDDBBC /* MiniApp_TestDriven_QittaArticleUITests.swift in Sources */ = {isa = PBXBuildFile; fileRef = 95680B1128EBCFC300FDDBBC /* MiniApp_TestDriven_QittaArticleUITests.swift */; };
		95680B1428EBCFC300FDDBBC /* MiniApp_TestDriven_QittaArticleUITestsLaunchTests.swift in Sources */ = {isa = PBXBuildFile; fileRef = 95680B1328EBCFC300FDDBBC /* MiniApp_TestDriven_QittaArticleUITestsLaunchTests.swift */; };
		95680B2228EBD02200FDDBBC /* ArticleListViewController.swift in Sources */ = {isa = PBXBuildFile; fileRef = 95680B2028EBD02200FDDBBC /* ArticleListViewController.swift */; };
		95680B2328EBD02200FDDBBC /* ArticleListViewController.xib in Resources */ = {isa = PBXBuildFile; fileRef = 95680B2128EBD02200FDDBBC /* ArticleListViewController.xib */; };
/* End PBXBuildFile section */

/* Begin PBXContainerItemProxy section */
		95680B0428EBCFC300FDDBBC /* PBXContainerItemProxy */ = {
			isa = PBXContainerItemProxy;
			containerPortal = 95680AE528EBCFC200FDDBBC /* Project object */;
			proxyType = 1;
			remoteGlobalIDString = 95680AEC28EBCFC200FDDBBC;
			remoteInfo = "MiniApp-TestDriven-QittaArticle";
		};
		95680B0E28EBCFC300FDDBBC /* PBXContainerItemProxy */ = {
			isa = PBXContainerItemProxy;
			containerPortal = 95680AE528EBCFC200FDDBBC /* Project object */;
			proxyType = 1;
			remoteGlobalIDString = 95680AEC28EBCFC200FDDBBC;
			remoteInfo = "MiniApp-TestDriven-QittaArticle";
		};
/* End PBXContainerItemProxy section */

/* Begin PBXFileReference section */
		95680AED28EBCFC200FDDBBC /* MiniApp-TestDriven-QittaArticle.app */ = {isa = PBXFileReference; explicitFileType = wrapper.application; includeInIndex = 0; path = "MiniApp-TestDriven-QittaArticle.app"; sourceTree = BUILT_PRODUCTS_DIR; };
		95680AF028EBCFC200FDDBBC /* AppDelegate.swift */ = {isa = PBXFileReference; lastKnownFileType = sourcecode.swift; path = AppDelegate.swift; sourceTree = "<group>"; };
		95680AF228EBCFC200FDDBBC /* SceneDelegate.swift */ = {isa = PBXFileReference; lastKnownFileType = sourcecode.swift; path = SceneDelegate.swift; sourceTree = "<group>"; };
		95680AF928EBCFC300FDDBBC /* Assets.xcassets */ = {isa = PBXFileReference; lastKnownFileType = folder.assetcatalog; path = Assets.xcassets; sourceTree = "<group>"; };
		95680AFC28EBCFC300FDDBBC /* Base */ = {isa = PBXFileReference; lastKnownFileType = file.storyboard; name = Base; path = Base.lproj/LaunchScreen.storyboard; sourceTree = "<group>"; };
		95680AFE28EBCFC300FDDBBC /* Info.plist */ = {isa = PBXFileReference; lastKnownFileType = text.plist.xml; path = Info.plist; sourceTree = "<group>"; };
		95680B0328EBCFC300FDDBBC /* MiniApp-TestDriven-QittaArticleTests.xctest */ = {isa = PBXFileReference; explicitFileType = wrapper.cfbundle; includeInIndex = 0; path = "MiniApp-TestDriven-QittaArticleTests.xctest"; sourceTree = BUILT_PRODUCTS_DIR; };
		95680B0728EBCFC300FDDBBC /* MiniApp_TestDriven_QittaArticleTests.swift */ = {isa = PBXFileReference; lastKnownFileType = sourcecode.swift; path = MiniApp_TestDriven_QittaArticleTests.swift; sourceTree = "<group>"; };
		95680B0D28EBCFC300FDDBBC /* MiniApp-TestDriven-QittaArticleUITests.xctest */ = {isa = PBXFileReference; explicitFileType = wrapper.cfbundle; includeInIndex = 0; path = "MiniApp-TestDriven-QittaArticleUITests.xctest"; sourceTree = BUILT_PRODUCTS_DIR; };
		95680B1128EBCFC300FDDBBC /* MiniApp_TestDriven_QittaArticleUITests.swift */ = {isa = PBXFileReference; lastKnownFileType = sourcecode.swift; path = MiniApp_TestDriven_QittaArticleUITests.swift; sourceTree = "<group>"; };
		95680B1328EBCFC300FDDBBC /* MiniApp_TestDriven_QittaArticleUITestsLaunchTests.swift */ = {isa = PBXFileReference; lastKnownFileType = sourcecode.swift; path = MiniApp_TestDriven_QittaArticleUITestsLaunchTests.swift; sourceTree = "<group>"; };
		95680B2028EBD02200FDDBBC /* ArticleListViewController.swift */ = {isa = PBXFileReference; lastKnownFileType = sourcecode.swift; path = ArticleListViewController.swift; sourceTree = "<group>"; };
		95680B2128EBD02200FDDBBC /* ArticleListViewController.xib */ = {isa = PBXFileReference; lastKnownFileType = file.xib; path = ArticleListViewController.xib; sourceTree = "<group>"; };
/* End PBXFileReference section */

/* Begin PBXFrameworksBuildPhase section */
		95680AEA28EBCFC200FDDBBC /* Frameworks */ = {
			isa = PBXFrameworksBuildPhase;
			buildActionMask = 2147483647;
			files = (
			);
			runOnlyForDeploymentPostprocessing = 0;
		};
		95680B0028EBCFC300FDDBBC /* Frameworks */ = {
			isa = PBXFrameworksBuildPhase;
			buildActionMask = 2147483647;
			files = (
			);
			runOnlyForDeploymentPostprocessing = 0;
		};
		95680B0A28EBCFC300FDDBBC /* Frameworks */ = {
			isa = PBXFrameworksBuildPhase;
			buildActionMask = 2147483647;
			files = (
			);
			runOnlyForDeploymentPostprocessing = 0;
		};
/* End PBXFrameworksBuildPhase section */

/* Begin PBXGroup section */
		95680AE428EBCFC200FDDBBC = {
			isa = PBXGroup;
			children = (
				95680AEF28EBCFC200FDDBBC /* MiniApp-TestDriven-QittaArticle */,
				95680B0628EBCFC300FDDBBC /* MiniApp-TestDriven-QittaArticleTests */,
				95680B1028EBCFC300FDDBBC /* MiniApp-TestDriven-QittaArticleUITests */,
				95680AEE28EBCFC200FDDBBC /* Products */,
			);
			sourceTree = "<group>";
		};
		95680AEE28EBCFC200FDDBBC /* Products */ = {
			isa = PBXGroup;
			children = (
				95680AED28EBCFC200FDDBBC /* MiniApp-TestDriven-QittaArticle.app */,
				95680B0328EBCFC300FDDBBC /* MiniApp-TestDriven-QittaArticleTests.xctest */,
				95680B0D28EBCFC300FDDBBC /* MiniApp-TestDriven-QittaArticleUITests.xctest */,
			);
			name = Products;
			sourceTree = "<group>";
		};
		95680AEF28EBCFC200FDDBBC /* MiniApp-TestDriven-QittaArticle */ = {
			isa = PBXGroup;
			children = (
				95680AF028EBCFC200FDDBBC /* AppDelegate.swift */,
				95680AF228EBCFC200FDDBBC /* SceneDelegate.swift */,
				95680AF928EBCFC300FDDBBC /* Assets.xcassets */,
				95680AFB28EBCFC300FDDBBC /* LaunchScreen.storyboard */,
				95680AFE28EBCFC300FDDBBC /* Info.plist */,
				95680B2028EBD02200FDDBBC /* ArticleListViewController.swift */,
				95680B2128EBD02200FDDBBC /* ArticleListViewController.xib */,
			);
			path = "MiniApp-TestDriven-QittaArticle";
			sourceTree = "<group>";
		};
		95680B0628EBCFC300FDDBBC /* MiniApp-TestDriven-QittaArticleTests */ = {
			isa = PBXGroup;
			children = (
				95680B0728EBCFC300FDDBBC /* MiniApp_TestDriven_QittaArticleTests.swift */,
			);
			path = "MiniApp-TestDriven-QittaArticleTests";
			sourceTree = "<group>";
		};
		95680B1028EBCFC300FDDBBC /* MiniApp-TestDriven-QittaArticleUITests */ = {
			isa = PBXGroup;
			children = (
				95680B1128EBCFC300FDDBBC /* MiniApp_TestDriven_QittaArticleUITests.swift */,
				95680B1328EBCFC300FDDBBC /* MiniApp_TestDriven_QittaArticleUITestsLaunchTests.swift */,
			);
			path = "MiniApp-TestDriven-QittaArticleUITests";
			sourceTree = "<group>";
		};
/* End PBXGroup section */

/* Begin PBXNativeTarget section */
		95680AEC28EBCFC200FDDBBC /* MiniApp-TestDriven-QittaArticle */ = {
			isa = PBXNativeTarget;
			buildConfigurationList = 95680B1728EBCFC300FDDBBC /* Build configuration list for PBXNativeTarget "MiniApp-TestDriven-QittaArticle" */;
			buildPhases = (
				95680AE928EBCFC200FDDBBC /* Sources */,
				95680AEA28EBCFC200FDDBBC /* Frameworks */,
				95680AEB28EBCFC200FDDBBC /* Resources */,
			);
			buildRules = (
			);
			dependencies = (
			);
			name = "MiniApp-TestDriven-QittaArticle";
			productName = "MiniApp-TestDriven-QittaArticle";
			productReference = 95680AED28EBCFC200FDDBBC /* MiniApp-TestDriven-QittaArticle.app */;
			productType = "com.apple.product-type.application";
		};
		95680B0228EBCFC300FDDBBC /* MiniApp-TestDriven-QittaArticleTests */ = {
			isa = PBXNativeTarget;
			buildConfigurationList = 95680B1A28EBCFC300FDDBBC /* Build configuration list for PBXNativeTarget "MiniApp-TestDriven-QittaArticleTests" */;
			buildPhases = (
				95680AFF28EBCFC300FDDBBC /* Sources */,
				95680B0028EBCFC300FDDBBC /* Frameworks */,
				95680B0128EBCFC300FDDBBC /* Resources */,
			);
			buildRules = (
			);
			dependencies = (
				95680B0528EBCFC300FDDBBC /* PBXTargetDependency */,
			);
			name = "MiniApp-TestDriven-QittaArticleTests";
			productName = "MiniApp-TestDriven-QittaArticleTests";
			productReference = 95680B0328EBCFC300FDDBBC /* MiniApp-TestDriven-QittaArticleTests.xctest */;
			productType = "com.apple.product-type.bundle.unit-test";
		};
		95680B0C28EBCFC300FDDBBC /* MiniApp-TestDriven-QittaArticleUITests */ = {
			isa = PBXNativeTarget;
			buildConfigurationList = 95680B1D28EBCFC300FDDBBC /* Build configuration list for PBXNativeTarget "MiniApp-TestDriven-QittaArticleUITests" */;
			buildPhases = (
				95680B0928EBCFC300FDDBBC /* Sources */,
				95680B0A28EBCFC300FDDBBC /* Frameworks */,
				95680B0B28EBCFC300FDDBBC /* Resources */,
			);
			buildRules = (
			);
			dependencies = (
				95680B0F28EBCFC300FDDBBC /* PBXTargetDependency */,
			);
			name = "MiniApp-TestDriven-QittaArticleUITests";
			productName = "MiniApp-TestDriven-QittaArticleUITests";
			productReference = 95680B0D28EBCFC300FDDBBC /* MiniApp-TestDriven-QittaArticleUITests.xctest */;
			productType = "com.apple.product-type.bundle.ui-testing";
		};
/* End PBXNativeTarget section */

/* Begin PBXProject section */
		95680AE528EBCFC200FDDBBC /* Project object */ = {
			isa = PBXProject;
			attributes = {
				BuildIndependentTargetsInParallel = 1;
				LastSwiftUpdateCheck = 1400;
				LastUpgradeCheck = 1400;
				TargetAttributes = {
					95680AEC28EBCFC200FDDBBC = {
						CreatedOnToolsVersion = 14.0.1;
					};
					95680B0228EBCFC300FDDBBC = {
						CreatedOnToolsVersion = 14.0.1;
						TestTargetID = 95680AEC28EBCFC200FDDBBC;
					};
					95680B0C28EBCFC300FDDBBC = {
						CreatedOnToolsVersion = 14.0.1;
						TestTargetID = 95680AEC28EBCFC200FDDBBC;
					};
				};
			};
			buildConfigurationList = 95680AE828EBCFC200FDDBBC /* Build configuration list for PBXProject "MiniApp-TestDriven-QittaArticle" */;
			compatibilityVersion = "Xcode 14.0";
			developmentRegion = en;
			hasScannedForEncodings = 0;
			knownRegions = (
				en,
				Base,
			);
			mainGroup = 95680AE428EBCFC200FDDBBC;
			productRefGroup = 95680AEE28EBCFC200FDDBBC /* Products */;
			projectDirPath = "";
			projectRoot = "";
			targets = (
				95680AEC28EBCFC200FDDBBC /* MiniApp-TestDriven-QittaArticle */,
				95680B0228EBCFC300FDDBBC /* MiniApp-TestDriven-QittaArticleTests */,
				95680B0C28EBCFC300FDDBBC /* MiniApp-TestDriven-QittaArticleUITests */,
			);
		};
/* End PBXProject section */

/* Begin PBXResourcesBuildPhase section */
		95680AEB28EBCFC200FDDBBC /* Resources */ = {
			isa = PBXResourcesBuildPhase;
			buildActionMask = 2147483647;
			files = (
				95680B2328EBD02200FDDBBC /* ArticleListViewController.xib in Resources */,
				95680AFD28EBCFC300FDDBBC /* LaunchScreen.storyboard in Resources */,
				95680AFA28EBCFC300FDDBBC /* Assets.xcassets in Resources */,
			);
			runOnlyForDeploymentPostprocessing = 0;
		};
		95680B0128EBCFC300FDDBBC /* Resources */ = {
			isa = PBXResourcesBuildPhase;
			buildActionMask = 2147483647;
			files = (
			);
			runOnlyForDeploymentPostprocessing = 0;
		};
		95680B0B28EBCFC300FDDBBC /* Resources */ = {
			isa = PBXResourcesBuildPhase;
			buildActionMask = 2147483647;
			files = (
			);
			runOnlyForDeploymentPostprocessing = 0;
		};
/* End PBXResourcesBuildPhase section */

/* Begin PBXSourcesBuildPhase section */
		95680AE928EBCFC200FDDBBC /* Sources */ = {
			isa = PBXSourcesBuildPhase;
			buildActionMask = 2147483647;
			files = (
				95680B2228EBD02200FDDBBC /* ArticleListViewController.swift in Sources */,
				95680AF128EBCFC200FDDBBC /* AppDelegate.swift in Sources */,
				95680AF328EBCFC200FDDBBC /* SceneDelegate.swift in Sources */,
			);
			runOnlyForDeploymentPostprocessing = 0;
		};
		95680AFF28EBCFC300FDDBBC /* Sources */ = {
			isa = PBXSourcesBuildPhase;
			buildActionMask = 2147483647;
			files = (
				95680B0828EBCFC300FDDBBC /* MiniApp_TestDriven_QittaArticleTests.swift in Sources */,
			);
			runOnlyForDeploymentPostprocessing = 0;
		};
		95680B0928EBCFC300FDDBBC /* Sources */ = {
			isa = PBXSourcesBuildPhase;
			buildActionMask = 2147483647;
			files = (
				95680B1428EBCFC300FDDBBC /* MiniApp_TestDriven_QittaArticleUITestsLaunchTests.swift in Sources */,
				95680B1228EBCFC300FDDBBC /* MiniApp_TestDriven_QittaArticleUITests.swift in Sources */,
			);
			runOnlyForDeploymentPostprocessing = 0;
		};
/* End PBXSourcesBuildPhase section */

/* Begin PBXTargetDependency section */
		95680B0528EBCFC300FDDBBC /* PBXTargetDependency */ = {
			isa = PBXTargetDependency;
			target = 95680AEC28EBCFC200FDDBBC /* MiniApp-TestDriven-QittaArticle */;
			targetProxy = 95680B0428EBCFC300FDDBBC /* PBXContainerItemProxy */;
		};
		95680B0F28EBCFC300FDDBBC /* PBXTargetDependency */ = {
			isa = PBXTargetDependency;
			target = 95680AEC28EBCFC200FDDBBC /* MiniApp-TestDriven-QittaArticle */;
			targetProxy = 95680B0E28EBCFC300FDDBBC /* PBXContainerItemProxy */;
		};
/* End PBXTargetDependency section */

/* Begin PBXVariantGroup section */
		95680AFB28EBCFC300FDDBBC /* LaunchScreen.storyboard */ = {
			isa = PBXVariantGroup;
			children = (
				95680AFC28EBCFC300FDDBBC /* Base */,
			);
			name = LaunchScreen.storyboard;
			sourceTree = "<group>";
		};
/* End PBXVariantGroup section */

/* Begin XCBuildConfiguration section */
		95680B1528EBCFC300FDDBBC /* Debug */ = {
			isa = XCBuildConfiguration;
			buildSettings = {
				ALWAYS_SEARCH_USER_PATHS = NO;
				CLANG_ANALYZER_NONNULL = YES;
				CLANG_ANALYZER_NUMBER_OBJECT_CONVERSION = YES_AGGRESSIVE;
				CLANG_CXX_LANGUAGE_STANDARD = "gnu++20";
				CLANG_ENABLE_MODULES = YES;
				CLANG_ENABLE_OBJC_ARC = YES;
				CLANG_ENABLE_OBJC_WEAK = YES;
				CLANG_WARN_BLOCK_CAPTURE_AUTORELEASING = YES;
				CLANG_WARN_BOOL_CONVERSION = YES;
				CLANG_WARN_COMMA = YES;
				CLANG_WARN_CONSTANT_CONVERSION = YES;
				CLANG_WARN_DEPRECATED_OBJC_IMPLEMENTATIONS = YES;
				CLANG_WARN_DIRECT_OBJC_ISA_USAGE = YES_ERROR;
				CLANG_WARN_DOCUMENTATION_COMMENTS = YES;
				CLANG_WARN_EMPTY_BODY = YES;
				CLANG_WARN_ENUM_CONVERSION = YES;
				CLANG_WARN_INFINITE_RECURSION = YES;
				CLANG_WARN_INT_CONVERSION = YES;
				CLANG_WARN_NON_LITERAL_NULL_CONVERSION = YES;
				CLANG_WARN_OBJC_IMPLICIT_RETAIN_SELF = YES;
				CLANG_WARN_OBJC_LITERAL_CONVERSION = YES;
				CLANG_WARN_OBJC_ROOT_CLASS = YES_ERROR;
				CLANG_WARN_QUOTED_INCLUDE_IN_FRAMEWORK_HEADER = YES;
				CLANG_WARN_RANGE_LOOP_ANALYSIS = YES;
				CLANG_WARN_STRICT_PROTOTYPES = YES;
				CLANG_WARN_SUSPICIOUS_MOVE = YES;
				CLANG_WARN_UNGUARDED_AVAILABILITY = YES_AGGRESSIVE;
				CLANG_WARN_UNREACHABLE_CODE = YES;
				CLANG_WARN__DUPLICATE_METHOD_MATCH = YES;
				COPY_PHASE_STRIP = NO;
				DEBUG_INFORMATION_FORMAT = dwarf;
				ENABLE_STRICT_OBJC_MSGSEND = YES;
				ENABLE_TESTABILITY = YES;
				GCC_C_LANGUAGE_STANDARD = gnu11;
				GCC_DYNAMIC_NO_PIC = NO;
				GCC_NO_COMMON_BLOCKS = YES;
				GCC_OPTIMIZATION_LEVEL = 0;
				GCC_PREPROCESSOR_DEFINITIONS = (
					"DEBUG=1",
					"$(inherited)",
				);
				GCC_WARN_64_TO_32_BIT_CONVERSION = YES;
				GCC_WARN_ABOUT_RETURN_TYPE = YES_ERROR;
				GCC_WARN_UNDECLARED_SELECTOR = YES;
				GCC_WARN_UNINITIALIZED_AUTOS = YES_AGGRESSIVE;
				GCC_WARN_UNUSED_FUNCTION = YES;
				GCC_WARN_UNUSED_VARIABLE = YES;
				IPHONEOS_DEPLOYMENT_TARGET = 16.0;
				MTL_ENABLE_DEBUG_INFO = INCLUDE_SOURCE;
				MTL_FAST_MATH = YES;
				ONLY_ACTIVE_ARCH = YES;
				SDKROOT = iphoneos;
				SWIFT_ACTIVE_COMPILATION_CONDITIONS = DEBUG;
				SWIFT_OPTIMIZATION_LEVEL = "-Onone";
			};
			name = Debug;
		};
		95680B1628EBCFC300FDDBBC /* Release */ = {
			isa = XCBuildConfiguration;
			buildSettings = {
				ALWAYS_SEARCH_USER_PATHS = NO;
				CLANG_ANALYZER_NONNULL = YES;
				CLANG_ANALYZER_NUMBER_OBJECT_CONVERSION = YES_AGGRESSIVE;
				CLANG_CXX_LANGUAGE_STANDARD = "gnu++20";
				CLANG_ENABLE_MODULES = YES;
				CLANG_ENABLE_OBJC_ARC = YES;
				CLANG_ENABLE_OBJC_WEAK = YES;
				CLANG_WARN_BLOCK_CAPTURE_AUTORELEASING = YES;
				CLANG_WARN_BOOL_CONVERSION = YES;
				CLANG_WARN_COMMA = YES;
				CLANG_WARN_CONSTANT_CONVERSION = YES;
				CLANG_WARN_DEPRECATED_OBJC_IMPLEMENTATIONS = YES;
				CLANG_WARN_DIRECT_OBJC_ISA_USAGE = YES_ERROR;
				CLANG_WARN_DOCUMENTATION_COMMENTS = YES;
				CLANG_WARN_EMPTY_BODY = YES;
				CLANG_WARN_ENUM_CONVERSION = YES;
				CLANG_WARN_INFINITE_RECURSION = YES;
				CLANG_WARN_INT_CONVERSION = YES;
				CLANG_WARN_NON_LITERAL_NULL_CONVERSION = YES;
				CLANG_WARN_OBJC_IMPLICIT_RETAIN_SELF = YES;
				CLANG_WARN_OBJC_LITERAL_CONVERSION = YES;
				CLANG_WARN_OBJC_ROOT_CLASS = YES_ERROR;
				CLANG_WARN_QUOTED_INCLUDE_IN_FRAMEWORK_HEADER = YES;
				CLANG_WARN_RANGE_LOOP_ANALYSIS = YES;
				CLANG_WARN_STRICT_PROTOTYPES = YES;
				CLANG_WARN_SUSPICIOUS_MOVE = YES;
				CLANG_WARN_UNGUARDED_AVAILABILITY = YES_AGGRESSIVE;
				CLANG_WARN_UNREACHABLE_CODE = YES;
				CLANG_WARN__DUPLICATE_METHOD_MATCH = YES;
				COPY_PHASE_STRIP = NO;
				DEBUG_INFORMATION_FORMAT = "dwarf-with-dsym";
				ENABLE_NS_ASSERTIONS = NO;
				ENABLE_STRICT_OBJC_MSGSEND = YES;
				GCC_C_LANGUAGE_STANDARD = gnu11;
				GCC_NO_COMMON_BLOCKS = YES;
				GCC_WARN_64_TO_32_BIT_CONVERSION = YES;
				GCC_WARN_ABOUT_RETURN_TYPE = YES_ERROR;
				GCC_WARN_UNDECLARED_SELECTOR = YES;
				GCC_WARN_UNINITIALIZED_AUTOS = YES_AGGRESSIVE;
				GCC_WARN_UNUSED_FUNCTION = YES;
				GCC_WARN_UNUSED_VARIABLE = YES;
				IPHONEOS_DEPLOYMENT_TARGET = 16.0;
				MTL_ENABLE_DEBUG_INFO = NO;
				MTL_FAST_MATH = YES;
				SDKROOT = iphoneos;
				SWIFT_COMPILATION_MODE = wholemodule;
				SWIFT_OPTIMIZATION_LEVEL = "-O";
				VALIDATE_PRODUCT = YES;
			};
			name = Release;
		};
		95680B1828EBCFC300FDDBBC /* Debug */ = {
			isa = XCBuildConfiguration;
			buildSettings = {
				ASSETCATALOG_COMPILER_APPICON_NAME = AppIcon;
				ASSETCATALOG_COMPILER_GLOBAL_ACCENT_COLOR_NAME = AccentColor;
				CODE_SIGN_STYLE = Automatic;
				CURRENT_PROJECT_VERSION = 1;
				DEVELOPMENT_TEAM = 7X9S244452;
				GENERATE_INFOPLIST_FILE = YES;
				INFOPLIST_FILE = "MiniApp-TestDriven-QittaArticle/Info.plist";
				INFOPLIST_KEY_UIApplicationSupportsIndirectInputEvents = YES;
				INFOPLIST_KEY_UILaunchStoryboardName = LaunchScreen;
				INFOPLIST_KEY_UISupportedInterfaceOrientations_iPad = "UIInterfaceOrientationPortrait UIInterfaceOrientationPortraitUpsideDown UIInterfaceOrientationLandscapeLeft UIInterfaceOrientationLandscapeRight";
				INFOPLIST_KEY_UISupportedInterfaceOrientations_iPhone = "UIInterfaceOrientationPortrait UIInterfaceOrientationLandscapeLeft UIInterfaceOrientationLandscapeRight";
				LD_RUNPATH_SEARCH_PATHS = (
					"$(inherited)",
					"@executable_path/Frameworks",
				);
				MARKETING_VERSION = 1.0;
				PRODUCT_BUNDLE_IDENTIFIER = "com.mkondo.MiniApp-TestDriven-QittaArticle";
				PRODUCT_NAME = "$(TARGET_NAME)";
				SWIFT_EMIT_LOC_STRINGS = YES;
				SWIFT_VERSION = 5.0;
				TARGETED_DEVICE_FAMILY = "1,2";
			};
			name = Debug;
		};
		95680B1928EBCFC300FDDBBC /* Release */ = {
			isa = XCBuildConfiguration;
			buildSettings = {
				ASSETCATALOG_COMPILER_APPICON_NAME = AppIcon;
				ASSETCATALOG_COMPILER_GLOBAL_ACCENT_COLOR_NAME = AccentColor;
				CODE_SIGN_STYLE = Automatic;
				CURRENT_PROJECT_VERSION = 1;
				DEVELOPMENT_TEAM = 7X9S244452;
				GENERATE_INFOPLIST_FILE = YES;
				INFOPLIST_FILE = "MiniApp-TestDriven-QittaArticle/Info.plist";
				INFOPLIST_KEY_UIApplicationSupportsIndirectInputEvents = YES;
				INFOPLIST_KEY_UILaunchStoryboardName = LaunchScreen;
				INFOPLIST_KEY_UISupportedInterfaceOrientations_iPad = "UIInterfaceOrientationPortrait UIInterfaceOrientationPortraitUpsideDown UIInterfaceOrientationLandscapeLeft UIInterfaceOrientationLandscapeRight";
				INFOPLIST_KEY_UISupportedInterfaceOrientations_iPhone = "UIInterfaceOrientationPortrait UIInterfaceOrientationLandscapeLeft UIInterfaceOrientationLandscapeRight";
				LD_RUNPATH_SEARCH_PATHS = (
					"$(inherited)",
					"@executable_path/Frameworks",
				);
				MARKETING_VERSION = 1.0;
				PRODUCT_BUNDLE_IDENTIFIER = "com.mkondo.MiniApp-TestDriven-QittaArticle";
				PRODUCT_NAME = "$(TARGET_NAME)";
				SWIFT_EMIT_LOC_STRINGS = YES;
				SWIFT_VERSION = 5.0;
				TARGETED_DEVICE_FAMILY = "1,2";
			};
			name = Release;
		};
		95680B1B28EBCFC300FDDBBC /* Debug */ = {
			isa = XCBuildConfiguration;
			buildSettings = {
				ALWAYS_EMBED_SWIFT_STANDARD_LIBRARIES = YES;
				BUNDLE_LOADER = "$(TEST_HOST)";
				CODE_SIGN_STYLE = Automatic;
				CURRENT_PROJECT_VERSION = 1;
				DEVELOPMENT_TEAM = 7X9S244452;
				GENERATE_INFOPLIST_FILE = YES;
				IPHONEOS_DEPLOYMENT_TARGET = 16.0;
				MARKETING_VERSION = 1.0;
				PRODUCT_BUNDLE_IDENTIFIER = "com.mkondo.MiniApp-TestDriven-QittaArticleTests";
				PRODUCT_NAME = "$(TARGET_NAME)";
				SWIFT_EMIT_LOC_STRINGS = NO;
				SWIFT_VERSION = 5.0;
				TARGETED_DEVICE_FAMILY = "1,2";
				TEST_HOST = "$(BUILT_PRODUCTS_DIR)/MiniApp-TestDriven-QittaArticle.app/$(BUNDLE_EXECUTABLE_FOLDER_PATH)/MiniApp-TestDriven-QittaArticle";
			};
			name = Debug;
		};
		95680B1C28EBCFC300FDDBBC /* Release */ = {
			isa = XCBuildConfiguration;
			buildSettings = {
				ALWAYS_EMBED_SWIFT_STANDARD_LIBRARIES = YES;
				BUNDLE_LOADER = "$(TEST_HOST)";
				CODE_SIGN_STYLE = Automatic;
				CURRENT_PROJECT_VERSION = 1;
				DEVELOPMENT_TEAM = 7X9S244452;
				GENERATE_INFOPLIST_FILE = YES;
				IPHONEOS_DEPLOYMENT_TARGET = 16.0;
				MARKETING_VERSION = 1.0;
				PRODUCT_BUNDLE_IDENTIFIER = "com.mkondo.MiniApp-TestDriven-QittaArticleTests";
				PRODUCT_NAME = "$(TARGET_NAME)";
				SWIFT_EMIT_LOC_STRINGS = NO;
				SWIFT_VERSION = 5.0;
				TARGETED_DEVICE_FAMILY = "1,2";
				TEST_HOST = "$(BUILT_PRODUCTS_DIR)/MiniApp-TestDriven-QittaArticle.app/$(BUNDLE_EXECUTABLE_FOLDER_PATH)/MiniApp-TestDriven-QittaArticle";
			};
			name = Release;
		};
		95680B1E28EBCFC300FDDBBC /* Debug */ = {
			isa = XCBuildConfiguration;
			buildSettings = {
				ALWAYS_EMBED_SWIFT_STANDARD_LIBRARIES = YES;
				CODE_SIGN_STYLE = Automatic;
				CURRENT_PROJECT_VERSION = 1;
				DEVELOPMENT_TEAM = 7X9S244452;
				GENERATE_INFOPLIST_FILE = YES;
				MARKETING_VERSION = 1.0;
				PRODUCT_BUNDLE_IDENTIFIER = "com.mkondo.MiniApp-TestDriven-QittaArticleUITests";
				PRODUCT_NAME = "$(TARGET_NAME)";
				SWIFT_EMIT_LOC_STRINGS = NO;
				SWIFT_VERSION = 5.0;
				TARGETED_DEVICE_FAMILY = "1,2";
				TEST_TARGET_NAME = "MiniApp-TestDriven-QittaArticle";
			};
			name = Debug;
		};
		95680B1F28EBCFC300FDDBBC /* Release */ = {
			isa = XCBuildConfiguration;
			buildSettings = {
				ALWAYS_EMBED_SWIFT_STANDARD_LIBRARIES = YES;
				CODE_SIGN_STYLE = Automatic;
				CURRENT_PROJECT_VERSION = 1;
				DEVELOPMENT_TEAM = 7X9S244452;
				GENERATE_INFOPLIST_FILE = YES;
				MARKETING_VERSION = 1.0;
				PRODUCT_BUNDLE_IDENTIFIER = "com.mkondo.MiniApp-TestDriven-QittaArticleUITests";
				PRODUCT_NAME = "$(TARGET_NAME)";
				SWIFT_EMIT_LOC_STRINGS = NO;
				SWIFT_VERSION = 5.0;
				TARGETED_DEVICE_FAMILY = "1,2";
				TEST_TARGET_NAME = "MiniApp-TestDriven-QittaArticle";
			};
			name = Release;
		};
/* End XCBuildConfiguration section */

/* Begin XCConfigurationList section */
		95680AE828EBCFC200FDDBBC /* Build configuration list for PBXProject "MiniApp-TestDriven-QittaArticle" */ = {
			isa = XCConfigurationList;
			buildConfigurations = (
				95680B1528EBCFC300FDDBBC /* Debug */,
				95680B1628EBCFC300FDDBBC /* Release */,
			);
			defaultConfigurationIsVisible = 0;
			defaultConfigurationName = Release;
		};
		95680B1728EBCFC300FDDBBC /* Build configuration list for PBXNativeTarget "MiniApp-TestDriven-QittaArticle" */ = {
			isa = XCConfigurationList;
			buildConfigurations = (
				95680B1828EBCFC300FDDBBC /* Debug */,
				95680B1928EBCFC300FDDBBC /* Release */,
			);
			defaultConfigurationIsVisible = 0;
			defaultConfigurationName = Release;
		};
		95680B1A28EBCFC300FDDBBC /* Build configuration list for PBXNativeTarget "MiniApp-TestDriven-QittaArticleTests" */ = {
			isa = XCConfigurationList;
			buildConfigurations = (
				95680B1B28EBCFC300FDDBBC /* Debug */,
				95680B1C28EBCFC300FDDBBC /* Release */,
			);
			defaultConfigurationIsVisible = 0;
			defaultConfigurationName = Release;
		};
		95680B1D28EBCFC300FDDBBC /* Build configuration list for PBXNativeTarget "MiniApp-TestDriven-QittaArticleUITests" */ = {
			isa = XCConfigurationList;
			buildConfigurations = (
				95680B1E28EBCFC300FDDBBC /* Debug */,
				95680B1F28EBCFC300FDDBBC /* Release */,
			);
			defaultConfigurationIsVisible = 0;
			defaultConfigurationName = Release;
		};
/* End XCConfigurationList section */
	};
	rootObject = 95680AE528EBCFC200FDDBBC /* Project object */;
}
